// !$*UTF8*$!
{
	archiveVersion = 1;
	classes = {
	};
	objectVersion = 50;
	objects = {

/* Begin PBXBuildFile section */
		FE9D5F7122E73608005422DB /* ProductCell.swift in Sources */ = {isa = PBXBuildFile; fileRef = FE9D5F7022E73608005422DB /* ProductCell.swift */; };
		FEF5132C22E0A361008432FD /* AppDelegate.swift in Sources */ = {isa = PBXBuildFile; fileRef = FEF5132B22E0A361008432FD /* AppDelegate.swift */; };
		FEF5132E22E0A361008432FD /* CategoriesVC.swift in Sources */ = {isa = PBXBuildFile; fileRef = FEF5132D22E0A361008432FD /* CategoriesVC.swift */; };
		FEF5133122E0A361008432FD /* Main.storyboard in Resources */ = {isa = PBXBuildFile; fileRef = FEF5132F22E0A361008432FD /* Main.storyboard */; };
		FEF5133322E0A362008432FD /* Assets.xcassets in Resources */ = {isa = PBXBuildFile; fileRef = FEF5133222E0A362008432FD /* Assets.xcassets */; };
		FEF5133622E0A362008432FD /* LaunchScreen.storyboard in Resources */ = {isa = PBXBuildFile; fileRef = FEF5133422E0A362008432FD /* LaunchScreen.storyboard */; };
		FEF5134322E0DB5A008432FD /* CategoryCell.swift in Sources */ = {isa = PBXBuildFile; fileRef = FEF5134222E0DB5A008432FD /* CategoryCell.swift */; };
		FEF5134522E1C43F008432FD /* Category.swift in Sources */ = {isa = PBXBuildFile; fileRef = FEF5134422E1C43F008432FD /* Category.swift */; };
		FEF5134822E1C5BF008432FD /* DataService.swift in Sources */ = {isa = PBXBuildFile; fileRef = FEF5134722E1C5BF008432FD /* DataService.swift */; };
/* End PBXBuildFile section */

/* Begin PBXFileReference section */
		FE9D5F7022E73608005422DB /* ProductCell.swift */ = {isa = PBXFileReference; lastKnownFileType = sourcecode.swift; path = ProductCell.swift; sourceTree = "<group>"; };
		FEF5132822E0A361008432FD /* coder-swag.app */ = {isa = PBXFileReference; explicitFileType = wrapper.application; includeInIndex = 0; path = "coder-swag.app"; sourceTree = BUILT_PRODUCTS_DIR; };
		FEF5132B22E0A361008432FD /* AppDelegate.swift */ = {isa = PBXFileReference; lastKnownFileType = sourcecode.swift; path = AppDelegate.swift; sourceTree = "<group>"; };
		FEF5132D22E0A361008432FD /* CategoriesVC.swift */ = {isa = PBXFileReference; lastKnownFileType = sourcecode.swift; path = CategoriesVC.swift; sourceTree = "<group>"; };
		FEF5133022E0A361008432FD /* Base */ = {isa = PBXFileReference; lastKnownFileType = file.storyboard; name = Base; path = Base.lproj/Main.storyboard; sourceTree = "<group>"; };
		FEF5133222E0A362008432FD /* Assets.xcassets */ = {isa = PBXFileReference; lastKnownFileType = folder.assetcatalog; path = Assets.xcassets; sourceTree = "<group>"; };
		FEF5133522E0A362008432FD /* Base */ = {isa = PBXFileReference; lastKnownFileType = file.storyboard; name = Base; path = Base.lproj/LaunchScreen.storyboard; sourceTree = "<group>"; };
		FEF5133722E0A362008432FD /* Info.plist */ = {isa = PBXFileReference; lastKnownFileType = text.plist.xml; path = Info.plist; sourceTree = "<group>"; };
		FEF5134222E0DB5A008432FD /* CategoryCell.swift */ = {isa = PBXFileReference; lastKnownFileType = sourcecode.swift; path = CategoryCell.swift; sourceTree = "<group>"; };
		FEF5134422E1C43F008432FD /* Category.swift */ = {isa = PBXFileReference; lastKnownFileType = sourcecode.swift; path = Category.swift; sourceTree = "<group>"; };
		FEF5134722E1C5BF008432FD /* DataService.swift */ = {isa = PBXFileReference; lastKnownFileType = sourcecode.swift; path = DataService.swift; sourceTree = "<group>"; };
/* End PBXFileReference section */

/* Begin PBXFrameworksBuildPhase section */
		FEF5132522E0A361008432FD /* Frameworks */ = {
			isa = PBXFrameworksBuildPhase;
			buildActionMask = 2147483647;
			files = (
			);
			runOnlyForDeploymentPostprocessing = 0;
		};
/* End PBXFrameworksBuildPhase section */

/* Begin PBXGroup section */
		FEF5131F22E0A361008432FD = {
			isa = PBXGroup;
			children = (
				FEF5132A22E0A361008432FD /* coder-swag */,
				FEF5132922E0A361008432FD /* Products */,
			);
			sourceTree = "<group>";
		};
		FEF5132922E0A361008432FD /* Products */ = {
			isa = PBXGroup;
			children = (
				FEF5132822E0A361008432FD /* coder-swag.app */,
			);
			name = Products;
			sourceTree = "<group>";
		};
		FEF5132A22E0A361008432FD /* coder-swag */ = {
			isa = PBXGroup;
			children = (
				FEF5134622E1C5A4008432FD /* Services */,
				FEF5133F22E0DADA008432FD /* View */,
				FEF5133E22E0DAD5008432FD /* Model */,
				FEF5133D22E0DAC7008432FD /* Controller */,
				FEF5132B22E0A361008432FD /* AppDelegate.swift */,
				FEF5132F22E0A361008432FD /* Main.storyboard */,
				FEF5133222E0A362008432FD /* Assets.xcassets */,
				FEF5133422E0A362008432FD /* LaunchScreen.storyboard */,
				FEF5133722E0A362008432FD /* Info.plist */,
			);
			path = "coder-swag";
			sourceTree = "<group>";
		};
		FEF5133D22E0DAC7008432FD /* Controller */ = {
			isa = PBXGroup;
			children = (
				FEF5132D22E0A361008432FD /* CategoriesVC.swift */,
			);
			path = Controller;
			sourceTree = "<group>";
		};
		FEF5133E22E0DAD5008432FD /* Model */ = {
			isa = PBXGroup;
			children = (
				FEF5134422E1C43F008432FD /* Category.swift */,
			);
			path = Model;
			sourceTree = "<group>";
		};
		FEF5133F22E0DADA008432FD /* View */ = {
			isa = PBXGroup;
			children = (
				FEF5134222E0DB5A008432FD /* CategoryCell.swift */,
				FE9D5F7022E73608005422DB /* ProductCell.swift */,
			);
			path = View;
			sourceTree = "<group>";
		};
		FEF5134622E1C5A4008432FD /* Services */ = {
			isa = PBXGroup;
			children = (
				FEF5134722E1C5BF008432FD /* DataService.swift */,
			);
			path = Services;
			sourceTree = "<group>";
		};
/* End PBXGroup section */

/* Begin PBXNativeTarget section */
		FEF5132722E0A361008432FD /* coder-swag */ = {
			isa = PBXNativeTarget;
			buildConfigurationList = FEF5133A22E0A362008432FD /* Build configuration list for PBXNativeTarget "coder-swag" */;
			buildPhases = (
				FEF5132422E0A361008432FD /* Sources */,
				FEF5132522E0A361008432FD /* Frameworks */,
				FEF5132622E0A361008432FD /* Resources */,
			);
			buildRules = (
			);
			dependencies = (
			);
			name = "coder-swag";
			productName = "coder-swag";
			productReference = FEF5132822E0A361008432FD /* coder-swag.app */;
			productType = "com.apple.product-type.application";
		};
/* End PBXNativeTarget section */

/* Begin PBXProject section */
		FEF5132022E0A361008432FD /* Project object */ = {
			isa = PBXProject;
			attributes = {
				LastSwiftUpdateCheck = 1020;
				LastUpgradeCheck = 1020;
				ORGANIZATIONNAME = "Miroslav Hnát";
				TargetAttributes = {
					FEF5132722E0A361008432FD = {
						CreatedOnToolsVersion = 10.2.1;
					};
				};
			};
			buildConfigurationList = FEF5132322E0A361008432FD /* Build configuration list for PBXProject "coder-swag" */;
			compatibilityVersion = "Xcode 9.3";
			developmentRegion = en;
			hasScannedForEncodings = 0;
			knownRegions = (
				en,
				Base,
			);
			mainGroup = FEF5131F22E0A361008432FD;
			productRefGroup = FEF5132922E0A361008432FD /* Products */;
			projectDirPath = "";
			projectRoot = "";
			targets = (
				FEF5132722E0A361008432FD /* coder-swag */,
			);
		};
/* End PBXProject section */

/* Begin PBXResourcesBuildPhase section */
		FEF5132622E0A361008432FD /* Resources */ = {
			isa = PBXResourcesBuildPhase;
			buildActionMask = 2147483647;
			files = (
				FEF5133622E0A362008432FD /* LaunchScreen.storyboard in Resources */,
				FEF5133322E0A362008432FD /* Assets.xcassets in Resources */,
				FEF5133122E0A361008432FD /* Main.storyboard in Resources */,
			);
			runOnlyForDeploymentPostprocessing = 0;
		};
/* End PBXResourcesBuildPhase section */

/* Begin PBXSourcesBuildPhase section */
		FEF5132422E0A361008432FD /* Sources */ = {
			isa = PBXSourcesBuildPhase;
			buildActionMask = 2147483647;
			files = (
				FEF5134822E1C5BF008432FD /* DataService.swift in Sources */,
				FEF5132E22E0A361008432FD /* CategoriesVC.swift in Sources */,
				FEF5132C22E0A361008432FD /* AppDelegate.swift in Sources */,
				FE9D5F7122E73608005422DB /* ProductCell.swift in Sources */,
				FEF5134322E0DB5A008432FD /* CategoryCell.swift in Sources */,
				FEF5134522E1C43F008432FD /* Category.swift in Sources */,
			);
			runOnlyForDeploymentPostprocessing = 0;
		};
/* End PBXSourcesBuildPhase section */

/* Begin PBXVariantGroup section */
		FEF5132F22E0A361008432FD /* Main.storyboard */ = {
			isa = PBXVariantGroup;
			children = (
				FEF5133022E0A361008432FD /* Base */,
			);
			name = Main.storyboard;
			sourceTree = "<group>";
		};
		FEF5133422E0A362008432FD /* LaunchScreen.storyboard */ = {
			isa = PBXVariantGroup;
			children = (
				FEF5133522E0A362008432FD /* Base */,
			);
			name = LaunchScreen.storyboard;
			sourceTree = "<group>";
		};
/* End PBXVariantGroup section */

/* Begin XCBuildConfiguration section */
		FEF5133822E0A362008432FD /* Debug */ = {
			isa = XCBuildConfiguration;
			buildSettings = {
				ALWAYS_SEARCH_USER_PATHS = NO;
				CLANG_ANALYZER_NONNULL = YES;
				CLANG_ANALYZER_NUMBER_OBJECT_CONVERSION = YES_AGGRESSIVE;
				CLANG_CXX_LANGUAGE_STANDARD = "gnu++14";
				CLANG_CXX_LIBRARY = "libc++";
				CLANG_ENABLE_MODULES = YES;
				CLANG_ENABLE_OBJC_ARC = YES;
				CLANG_ENABLE_OBJC_WEAK = YES;
				CLANG_WARN_BLOCK_CAPTURE_AUTORELEASING = YES;
				CLANG_WARN_BOOL_CONVERSION = YES;
				CLANG_WARN_COMMA = YES;
				CLANG_WARN_CONSTANT_CONVERSION = YES;
				CLANG_WARN_DEPRECATED_OBJC_IMPLEMENTATIONS = YES;
				CLANG_WARN_DIRECT_OBJC_ISA_USAGE = YES_ERROR;
				CLANG_WARN_DOCUMENTATION_COMMENTS = YES;
				CLANG_WARN_EMPTY_BODY = YES;
				CLANG_WARN_ENUM_CONVERSION = YES;
				CLANG_WARN_INFINITE_RECURSION = YES;
				CLANG_WARN_INT_CONVERSION = YES;
				CLANG_WARN_NON_LITERAL_NULL_CONVERSION = YES;
				CLANG_WARN_OBJC_IMPLICIT_RETAIN_SELF = YES;
				CLANG_WARN_OBJC_LITERAL_CONVERSION = YES;
				CLANG_WARN_OBJC_ROOT_CLASS = YES_ERROR;
				CLANG_WARN_RANGE_LOOP_ANALYSIS = YES;
				CLANG_WARN_STRICT_PROTOTYPES = YES;
				CLANG_WARN_SUSPICIOUS_MOVE = YES;
				CLANG_WARN_UNGUARDED_AVAILABILITY = YES_AGGRESSIVE;
				CLANG_WARN_UNREACHABLE_CODE = YES;
				CLANG_WARN__DUPLICATE_METHOD_MATCH = YES;
				CODE_SIGN_IDENTITY = "iPhone Developer";
				COPY_PHASE_STRIP = NO;
				DEBUG_INFORMATION_FORMAT = dwarf;
				ENABLE_STRICT_OBJC_MSGSEND = YES;
				ENABLE_TESTABILITY = YES;
				GCC_C_LANGUAGE_STANDARD = gnu11;
				GCC_DYNAMIC_NO_PIC = NO;
				GCC_NO_COMMON_BLOCKS = YES;
				GCC_OPTIMIZATION_LEVEL = 0;
				GCC_PREPROCESSOR_DEFINITIONS = (
					"DEBUG=1",
					"$(inherited)",
				);
				GCC_WARN_64_TO_32_BIT_CONVERSION = YES;
				GCC_WARN_ABOUT_RETURN_TYPE = YES_ERROR;
				GCC_WARN_UNDECLARED_SELECTOR = YES;
				GCC_WARN_UNINITIALIZED_AUTOS = YES_AGGRESSIVE;
				GCC_WARN_UNUSED_FUNCTION = YES;
				GCC_WARN_UNUSED_VARIABLE = YES;
				IPHONEOS_DEPLOYMENT_TARGET = 12.2;
				MTL_ENABLE_DEBUG_INFO = INCLUDE_SOURCE;
				MTL_FAST_MATH = YES;
				ONLY_ACTIVE_ARCH = YES;
				SDKROOT = iphoneos;
				SWIFT_ACTIVE_COMPILATION_CONDITIONS = DEBUG;
				SWIFT_OPTIMIZATION_LEVEL = "-Onone";
			};
			name = Debug;
		};
		FEF5133922E0A362008432FD /* Release */ = {
			isa = XCBuildConfiguration;
			buildSettings = {
				ALWAYS_SEARCH_USER_PATHS = NO;
				CLANG_ANALYZER_NONNULL = YES;
				CLANG_ANALYZER_NUMBER_OBJECT_CONVERSION = YES_AGGRESSIVE;
				CLANG_CXX_LANGUAGE_STANDARD = "gnu++14";
				CLANG_CXX_LIBRARY = "libc++";
				CLANG_ENABLE_MODULES = YES;
				CLANG_ENABLE_OBJC_ARC = YES;
				CLANG_ENABLE_OBJC_WEAK = YES;
				CLANG_WARN_BLOCK_CAPTURE_AUTORELEASING = YES;
				CLANG_WARN_BOOL_CONVERSION = YES;
				CLANG_WARN_COMMA = YES;
				CLANG_WARN_CONSTANT_CONVERSION = YES;
				CLANG_WARN_DEPRECATED_OBJC_IMPLEMENTATIONS = YES;
				CLANG_WARN_DIRECT_OBJC_ISA_USAGE = YES_ERROR;
				CLANG_WARN_DOCUMENTATION_COMMENTS = YES;
				CLANG_WARN_EMPTY_BODY = YES;
				CLANG_WARN_ENUM_CONVERSION = YES;
				CLANG_WARN_INFINITE_RECURSION = YES;
				CLANG_WARN_INT_CONVERSION = YES;
				CLANG_WARN_NON_LITERAL_NULL_CONVERSION = YES;
				CLANG_WARN_OBJC_IMPLICIT_RETAIN_SELF = YES;
				CLANG_WARN_OBJC_LITERAL_CONVERSION = YES;
				CLANG_WARN_OBJC_ROOT_CLASS = YES_ERROR;
				CLANG_WARN_RANGE_LOOP_ANALYSIS = YES;
				CLANG_WARN_STRICT_PROTOTYPES = YES;
				CLANG_WARN_SUSPICIOUS_MOVE = YES;
				CLANG_WARN_UNGUARDED_AVAILABILITY = YES_AGGRESSIVE;
				CLANG_WARN_UNREACHABLE_CODE = YES;
				CLANG_WARN__DUPLICATE_METHOD_MATCH = YES;
				CODE_SIGN_IDENTITY = "iPhone Developer";
				COPY_PHASE_STRIP = NO;
				DEBUG_INFORMATION_FORMAT = "dwarf-with-dsym";
				ENABLE_NS_ASSERTIONS = NO;
				ENABLE_STRICT_OBJC_MSGSEND = YES;
				GCC_C_LANGUAGE_STANDARD = gnu11;
				GCC_NO_COMMON_BLOCKS = YES;
				GCC_WARN_64_TO_32_BIT_CONVERSION = YES;
				GCC_WARN_ABOUT_RETURN_TYPE = YES_ERROR;
				GCC_WARN_UNDECLARED_SELECTOR = YES;
				GCC_WARN_UNINITIALIZED_AUTOS = YES_AGGRESSIVE;
				GCC_WARN_UNUSED_FUNCTION = YES;
				GCC_WARN_UNUSED_VARIABLE = YES;
				IPHONEOS_DEPLOYMENT_TARGET = 12.2;
				MTL_ENABLE_DEBUG_INFO = NO;
				MTL_FAST_MATH = YES;
				SDKROOT = iphoneos;
				SWIFT_COMPILATION_MODE = wholemodule;
				SWIFT_OPTIMIZATION_LEVEL = "-O";
				VALIDATE_PRODUCT = YES;
			};
			name = Release;
		};
		FEF5133B22E0A362008432FD /* Debug */ = {
			isa = XCBuildConfiguration;
			buildSettings = {
				ASSETCATALOG_COMPILER_APPICON_NAME = AppIcon;
				CODE_SIGN_STYLE = Automatic;
				DEVELOPMENT_TEAM = 4DM8L8KQP9;
				INFOPLIST_FILE = "coder-swag/Info.plist";
				LD_RUNPATH_SEARCH_PATHS = (
					"$(inherited)",
					"@executable_path/Frameworks",
				);
				PRODUCT_BUNDLE_IDENTIFIER = "hnatmira.coder-swag";
				PRODUCT_NAME = "$(TARGET_NAME)";
				SWIFT_VERSION = 5.0;
				TARGETED_DEVICE_FAMILY = "1,2";
			};
			name = Debug;
		};
		FEF5133C22E0A362008432FD /* Release */ = {
			isa = XCBuildConfiguration;
			buildSettings = {
				ASSETCATALOG_COMPILER_APPICON_NAME = AppIcon;
				CODE_SIGN_STYLE = Automatic;
				DEVELOPMENT_TEAM = 4DM8L8KQP9;
				INFOPLIST_FILE = "coder-swag/Info.plist";
				LD_RUNPATH_SEARCH_PATHS = (
					"$(inherited)",
					"@executable_path/Frameworks",
				);
				PRODUCT_BUNDLE_IDENTIFIER = "hnatmira.coder-swag";
				PRODUCT_NAME = "$(TARGET_NAME)";
				SWIFT_VERSION = 5.0;
				TARGETED_DEVICE_FAMILY = "1,2";
			};
			name = Release;
		};
/* End XCBuildConfiguration section */

/* Begin XCConfigurationList section */
		FEF5132322E0A361008432FD /* Build configuration list for PBXProject "coder-swag" */ = {
			isa = XCConfigurationList;
			buildConfigurations = (
				FEF5133822E0A362008432FD /* Debug */,
				FEF5133922E0A362008432FD /* Release */,
			);
			defaultConfigurationIsVisible = 0;
			defaultConfigurationName = Release;
		};
		FEF5133A22E0A362008432FD /* Build configuration list for PBXNativeTarget "coder-swag" */ = {
			isa = XCConfigurationList;
			buildConfigurations = (
				FEF5133B22E0A362008432FD /* Debug */,
				FEF5133C22E0A362008432FD /* Release */,
			);
			defaultConfigurationIsVisible = 0;
			defaultConfigurationName = Release;
		};
/* End XCConfigurationList section */
	};
	rootObject = FEF5132022E0A361008432FD /* Project object */;
}
